{
  "name": "dattest",
  "version": "1.0.0",
  "lockfileVersion": 1,
  "requires": true,
  "dependencies": {
    "bech32": {
      "version": "1.1.4",
      "resolved": "https://registry.npmjs.org/bech32/-/bech32-1.1.4.tgz",
      "integrity": "sha512-s0IrSOzLlbvX7yp4WBfPITzpAU8sqQcpsmwXDiKwrG4r491vwCO/XpejasRNl0piBMe/DvP4Tz0mIS/X1DPJBQ=="
    },
    "web3": {
      "version": "github:PlatONnetwork/client-sdk-js#916aa8e51429e2b52dfdb03042aeb1ba1e4975d7",
      "from": "github:PlatONnetwork/client-sdk-js#0.15.1-develop",
      "requires": {
        "bech32": "^1.1.4"
      }
    }
  }
}
